
Microsoft Visual Studio Solution File, Format Version 12.00
# Visual Studio Version 16
VisualStudioVersion = 16.0.31424.327
MinimumVisualStudioVersion = 10.0.40219.1
Project("{FAE04EC0-301F-11D3-BF4B-00C04F79EFBC}") = "Session7", "Session7.csproj", "{38AB3C0D-747A-4EFA-9E5C-26DDC4FAB95D}"
EndProject
Global
	GlobalSection(SolutionConfigurationPlatforms) = preSolution
		Debug|Any CPU = Debug|Any CPU
		Release|Any CPU = Release|Any CPU
	EndGlobalSection
	GlobalSection(ProjectConfigurationPlatforms) = postSolution
		{38AB3C0D-747A-4EFA-9E5C-26DDC4FAB95D}.Debug|Any CPU.ActiveCfg = Debug|Any CPU
		{38AB3C0D-747A-4EFA-9E5C-26DDC4FAB95D}.Debug|Any CPU.Build.0 = Debug|Any CPU
		{38AB3C0D-747A-4EFA-9E5C-26DDC4FAB95D}.Release|Any CPU.ActiveCfg = Release|Any CPU
		{38AB3C0D-747A-4EFA-9E5C-26DDC4FAB95D}.Release|Any CPU.Build.0 = Release|Any CPU
	EndGlobalSection
	GlobalSection(SolutionProperties) = preSolution
		HideSolutionNode = FALSE
	EndGlobalSection
	GlobalSection(ExtensibilityGlobals) = postSolution
		SolutionGuid = {46B9036A-4638-41B2-B4B4-FF6892343344}
	EndGlobalSection
EndGlobal
