
Microsoft Visual Studio Solution File, Format Version 12.00
# Visual Studio Version 16
VisualStudioVersion = 16.0.31424.327
MinimumVisualStudioVersion = 10.0.40219.1
Project("{FAE04EC0-301F-11D3-BF4B-00C04F79EFBC}") = "Session6", "Session6.csproj", "{808AAFC9-0AAF-4DDD-851F-6DBF3D12A129}"
EndProject
Global
	GlobalSection(SolutionConfigurationPlatforms) = preSolution
		Debug|Any CPU = Debug|Any CPU
		Release|Any CPU = Release|Any CPU
	EndGlobalSection
	GlobalSection(ProjectConfigurationPlatforms) = postSolution
		{808AAFC9-0AAF-4DDD-851F-6DBF3D12A129}.Debug|Any CPU.ActiveCfg = Debug|Any CPU
		{808AAFC9-0AAF-4DDD-851F-6DBF3D12A129}.Debug|Any CPU.Build.0 = Debug|Any CPU
		{808AAFC9-0AAF-4DDD-851F-6DBF3D12A129}.Release|Any CPU.ActiveCfg = Release|Any CPU
		{808AAFC9-0AAF-4DDD-851F-6DBF3D12A129}.Release|Any CPU.Build.0 = Release|Any CPU
	EndGlobalSection
	GlobalSection(SolutionProperties) = preSolution
		HideSolutionNode = FALSE
	EndGlobalSection
	GlobalSection(ExtensibilityGlobals) = postSolution
		SolutionGuid = {CD64D818-63EC-41B3-8A60-CC7C96C162C0}
	EndGlobalSection
EndGlobal
